
Microsoft Visual Studio Solution File, Format Version 12.00
# Visual Studio 2013
VisualStudioVersion = 12.0.21005.1
MinimumVisualStudioVersion = 10.0.40219.1
Project("{6141683F-8A12-4E36-9623-2EB02B2C2303}") = "EvidenceCollectorSetup", "Setup2\EvidenceCollectorSetup.isproj", "{DE3F4ECC-EDE2-402B-A543-1708846280DD}"
	ProjectSection(ProjectDependencies) = postProject
		{64A7702E-CC15-4CA4-B5C5-5B44DDE90EB7} = {64A7702E-CC15-4CA4-B5C5-5B44DDE90EB7}
	EndProjectSection
EndProject
Project("{FAE04EC0-301F-11D3-BF4B-00C04F79EFBC}") = "EvidenceCollector", "EvidenceCollector\EvidenceCollector\EvidenceCollector.csproj", "{64A7702E-CC15-4CA4-B5C5-5B44DDE90EB7}"
EndProject
Global
	GlobalSection(SolutionConfigurationPlatforms) = preSolution
		CD_ROM|Any CPU = CD_ROM|Any CPU
		CD_ROM|x86 = CD_ROM|x86
		Debug|Any CPU = Debug|Any CPU
		Debug|x86 = Debug|x86
		DVD-5|Any CPU = DVD-5|Any CPU
		DVD-5|x86 = DVD-5|x86
		Release|Any CPU = Release|Any CPU
		Release|x86 = Release|x86
		SingleImage|Any CPU = SingleImage|Any CPU
		SingleImage|x86 = SingleImage|x86
	EndGlobalSection
	GlobalSection(ProjectConfigurationPlatforms) = postSolution
		{DE3F4ECC-EDE2-402B-A543-1708846280DD}.CD_ROM|Any CPU.ActiveCfg = SingleImage
		{DE3F4ECC-EDE2-402B-A543-1708846280DD}.CD_ROM|Any CPU.Build.0 = SingleImage
		{DE3F4ECC-EDE2-402B-A543-1708846280DD}.CD_ROM|x86.ActiveCfg = CD_ROM
		{DE3F4ECC-EDE2-402B-A543-1708846280DD}.CD_ROM|x86.Build.0 = CD_ROM
		{DE3F4ECC-EDE2-402B-A543-1708846280DD}.Debug|Any CPU.ActiveCfg = DVD-5
		{DE3F4ECC-EDE2-402B-A543-1708846280DD}.Debug|Any CPU.Build.0 = DVD-5
		{DE3F4ECC-EDE2-402B-A543-1708846280DD}.Debug|x86.ActiveCfg = DVD-5
		{DE3F4ECC-EDE2-402B-A543-1708846280DD}.Debug|x86.Build.0 = DVD-5
		{DE3F4ECC-EDE2-402B-A543-1708846280DD}.DVD-5|Any CPU.ActiveCfg = DVD-5
		{DE3F4ECC-EDE2-402B-A543-1708846280DD}.DVD-5|Any CPU.Build.0 = DVD-5
		{DE3F4ECC-EDE2-402B-A543-1708846280DD}.DVD-5|x86.ActiveCfg = DVD-5
		{DE3F4ECC-EDE2-402B-A543-1708846280DD}.DVD-5|x86.Build.0 = DVD-5
		{DE3F4ECC-EDE2-402B-A543-1708846280DD}.Release|Any CPU.ActiveCfg = SingleImage
		{DE3F4ECC-EDE2-402B-A543-1708846280DD}.Release|Any CPU.Build.0 = SingleImage
		{DE3F4ECC-EDE2-402B-A543-1708846280DD}.Release|x86.ActiveCfg = CD_ROM
		{DE3F4ECC-EDE2-402B-A543-1708846280DD}.Release|x86.Build.0 = CD_ROM
		{DE3F4ECC-EDE2-402B-A543-1708846280DD}.SingleImage|Any CPU.ActiveCfg = SingleImage
		{DE3F4ECC-EDE2-402B-A543-1708846280DD}.SingleImage|Any CPU.Build.0 = SingleImage
		{DE3F4ECC-EDE2-402B-A543-1708846280DD}.SingleImage|x86.ActiveCfg = SingleImage
		{DE3F4ECC-EDE2-402B-A543-1708846280DD}.SingleImage|x86.Build.0 = SingleImage
		{64A7702E-CC15-4CA4-B5C5-5B44DDE90EB7}.CD_ROM|Any CPU.ActiveCfg = Release|Any CPU
		{64A7702E-CC15-4CA4-B5C5-5B44DDE90EB7}.CD_ROM|Any CPU.Build.0 = Release|Any CPU
		{64A7702E-CC15-4CA4-B5C5-5B44DDE90EB7}.CD_ROM|x86.ActiveCfg = Release|x86
		{64A7702E-CC15-4CA4-B5C5-5B44DDE90EB7}.CD_ROM|x86.Build.0 = Release|x86
		{64A7702E-CC15-4CA4-B5C5-5B44DDE90EB7}.Debug|Any CPU.ActiveCfg = Debug|Any CPU
		{64A7702E-CC15-4CA4-B5C5-5B44DDE90EB7}.Debug|Any CPU.Build.0 = Debug|Any CPU
		{64A7702E-CC15-4CA4-B5C5-5B44DDE90EB7}.Debug|x86.ActiveCfg = Debug|Any CPU
		{64A7702E-CC15-4CA4-B5C5-5B44DDE90EB7}.Debug|x86.Build.0 = Debug|Any CPU
		{64A7702E-CC15-4CA4-B5C5-5B44DDE90EB7}.DVD-5|Any CPU.ActiveCfg = Debug|Any CPU
		{64A7702E-CC15-4CA4-B5C5-5B44DDE90EB7}.DVD-5|Any CPU.Build.0 = Debug|Any CPU
		{64A7702E-CC15-4CA4-B5C5-5B44DDE90EB7}.DVD-5|x86.ActiveCfg = Debug|x86
		{64A7702E-CC15-4CA4-B5C5-5B44DDE90EB7}.DVD-5|x86.Build.0 = Debug|x86
		{64A7702E-CC15-4CA4-B5C5-5B44DDE90EB7}.Release|Any CPU.ActiveCfg = Release|Any CPU
		{64A7702E-CC15-4CA4-B5C5-5B44DDE90EB7}.Release|Any CPU.Build.0 = Release|Any CPU
		{64A7702E-CC15-4CA4-B5C5-5B44DDE90EB7}.Release|x86.ActiveCfg = Release|x86
		{64A7702E-CC15-4CA4-B5C5-5B44DDE90EB7}.Release|x86.Build.0 = Release|x86
		{64A7702E-CC15-4CA4-B5C5-5B44DDE90EB7}.SingleImage|Any CPU.ActiveCfg = Debug|Any CPU
		{64A7702E-CC15-4CA4-B5C5-5B44DDE90EB7}.SingleImage|Any CPU.Build.0 = Debug|Any CPU
		{64A7702E-CC15-4CA4-B5C5-5B44DDE90EB7}.SingleImage|x86.ActiveCfg = Release|Any CPU
		{64A7702E-CC15-4CA4-B5C5-5B44DDE90EB7}.SingleImage|x86.Build.0 = Release|Any CPU
	EndGlobalSection
	GlobalSection(SolutionProperties) = preSolution
		HideSolutionNode = FALSE
	EndGlobalSection
EndGlobal
